
Microsoft Visual Studio Solution File, Format Version 12.00
# Visual Studio Version 17
VisualStudioVersion = 17.3.32922.545
MinimumVisualStudioVersion = 10.0.40219.1
Project("{FAE04EC0-301F-11D3-BF4B-00C04F79EFBC}") = "3DSTTool", "3DSTTool\3DSTTool.csproj", "{A68D0A72-41E1-4537-8DCE-8BA44C885780}"
EndProject
Global
	GlobalSection(SolutionConfigurationPlatforms) = preSolution
		Debug|Any CPU = Debug|Any CPU
		Release|Any CPU = Release|Any CPU
	EndGlobalSection
	GlobalSection(ProjectConfigurationPlatforms) = postSolution
		{A68D0A72-41E1-4537-8DCE-8BA44C885780}.Debug|Any CPU.ActiveCfg = Debug|Any CPU
		{A68D0A72-41E1-4537-8DCE-8BA44C885780}.Debug|Any CPU.Build.0 = Debug|Any CPU
		{A68D0A72-41E1-4537-8DCE-8BA44C885780}.Release|Any CPU.ActiveCfg = Release|Any CPU
		{A68D0A72-41E1-4537-8DCE-8BA44C885780}.Release|Any CPU.Build.0 = Release|Any CPU
	EndGlobalSection
	GlobalSection(SolutionProperties) = preSolution
		HideSolutionNode = FALSE
	EndGlobalSection
	GlobalSection(ExtensibilityGlobals) = postSolution
		SolutionGuid = {D5D5A14A-C93C-4E3B-B3E3-BF83F9632CA2}
	EndGlobalSection
EndGlobal
